
Microsoft Visual Studio Solution File, Format Version 12.00
# Visual Studio Version 17
VisualStudioVersion = 17.14.36221.1 d17.14
MinimumVisualStudioVersion = 10.0.40219.1
Project("{FAE04EC0-301F-11D3-BF4B-00C04F79EFBC}") = "solv  assignmant 2 oop", "solv  assignmant 2 oop.csproj", "{D2B86177-A012-4C1A-BA79-4DD0F8B3DCBF}"
EndProject
Global
	GlobalSection(SolutionConfigurationPlatforms) = preSolution
		Debug|Any CPU = Debug|Any CPU
		Release|Any CPU = Release|Any CPU
	EndGlobalSection
	GlobalSection(ProjectConfigurationPlatforms) = postSolution
		{D2B86177-A012-4C1A-BA79-4DD0F8B3DCBF}.Debug|Any CPU.ActiveCfg = Debug|Any CPU
		{D2B86177-A012-4C1A-BA79-4DD0F8B3DCBF}.Debug|Any CPU.Build.0 = Debug|Any CPU
		{D2B86177-A012-4C1A-BA79-4DD0F8B3DCBF}.Release|Any CPU.ActiveCfg = Release|Any CPU
		{D2B86177-A012-4C1A-BA79-4DD0F8B3DCBF}.Release|Any CPU.Build.0 = Release|Any CPU
	EndGlobalSection
	GlobalSection(SolutionProperties) = preSolution
		HideSolutionNode = FALSE
	EndGlobalSection
	GlobalSection(ExtensibilityGlobals) = postSolution
		SolutionGuid = {20C42192-ABCE-4121-BD8D-4F3157E0E168}
	EndGlobalSection
EndGlobal
